// !$*UTF8*$!
{
	archiveVersion = 1;
	classes = {
	};
	objectVersion = 46;
	objects = {

/* Begin PBXBuildFile section */
		49675189E4B010D599C3BFC8 /* libPods-MyRestaurantFinderIOS.a in Frameworks */ = {isa = PBXBuildFile; fileRef = AA7DF71CA2D9DF17365063B2 /* libPods-MyRestaurantFinderIOS.a */; };
		860369BA1CF10B770017AA49 /* AppDelegate.swift in Sources */ = {isa = PBXBuildFile; fileRef = 860369B91CF10B770017AA49 /* AppDelegate.swift */; };
		860369BC1CF10B770017AA49 /* ViewController.swift in Sources */ = {isa = PBXBuildFile; fileRef = 860369BB1CF10B770017AA49 /* ViewController.swift */; };
		860369C11CF10B770017AA49 /* Assets.xcassets in Resources */ = {isa = PBXBuildFile; fileRef = 860369C01CF10B770017AA49 /* Assets.xcassets */; };
		860369CF1CF10B770017AA49 /* MyRestaurantFinderIOSTests.swift in Sources */ = {isa = PBXBuildFile; fileRef = 860369CE1CF10B770017AA49 /* MyRestaurantFinderIOSTests.swift */; };
		860369DA1CF10B770017AA49 /* MyRestaurantFinderIOSUITests.swift in Sources */ = {isa = PBXBuildFile; fileRef = 860369D91CF10B770017AA49 /* MyRestaurantFinderIOSUITests.swift */; };
		860369EA1CF123A10017AA49 /* RestaurantsModel.swift in Sources */ = {isa = PBXBuildFile; fileRef = 860369E91CF123A10017AA49 /* RestaurantsModel.swift */; };
		860369EC1CF130170017AA49 /* SearchController.swift in Sources */ = {isa = PBXBuildFile; fileRef = 860369EB1CF130170017AA49 /* SearchController.swift */; };
		860369EE1CF133EA0017AA49 /* YelpSearch.swift in Sources */ = {isa = PBXBuildFile; fileRef = 860369ED1CF133EA0017AA49 /* YelpSearch.swift */; };
		860369F01CF1367B0017AA49 /* CFNetwork.framework in Frameworks */ = {isa = PBXBuildFile; fileRef = 860369EF1CF1367B0017AA49 /* CFNetwork.framework */; };
		860369F21CF13BEB0017AA49 /* Podfile in Resources */ = {isa = PBXBuildFile; fileRef = 860369F11CF13BEB0017AA49 /* Podfile */; };
/* End PBXBuildFile section */

/* Begin PBXContainerItemProxy section */
		860369CB1CF10B770017AA49 /* PBXContainerItemProxy */ = {
			isa = PBXContainerItemProxy;
			containerPortal = 860369AE1CF10B770017AA49 /* Project object */;
			proxyType = 1;
			remoteGlobalIDString = 860369B51CF10B770017AA49;
			remoteInfo = MyRestaurantFinderIOS;
		};
		860369D61CF10B770017AA49 /* PBXContainerItemProxy */ = {
			isa = PBXContainerItemProxy;
			containerPortal = 860369AE1CF10B770017AA49 /* Project object */;
			proxyType = 1;
			remoteGlobalIDString = 860369B51CF10B770017AA49;
			remoteInfo = MyRestaurantFinderIOS;
		};
/* End PBXContainerItemProxy section */

/* Begin PBXFileReference section */
		1B89BE011EC770C97A40E6E5 /* Pods-MyRestaurantFinderIOS.debug.xcconfig */ = {isa = PBXFileReference; includeInIndex = 1; lastKnownFileType = text.xcconfig; name = "Pods-MyRestaurantFinderIOS.debug.xcconfig"; path = "Pods/Target Support Files/Pods-MyRestaurantFinderIOS/Pods-MyRestaurantFinderIOS.debug.xcconfig"; sourceTree = "<group>"; };
		860369B61CF10B770017AA49 /* MyRestaurantFinderIOS.app */ = {isa = PBXFileReference; explicitFileType = wrapper.application; includeInIndex = 0; path = MyRestaurantFinderIOS.app; sourceTree = BUILT_PRODUCTS_DIR; };
		860369B91CF10B770017AA49 /* AppDelegate.swift */ = {isa = PBXFileReference; lastKnownFileType = sourcecode.swift; path = AppDelegate.swift; sourceTree = "<group>"; };
		860369BB1CF10B770017AA49 /* ViewController.swift */ = {isa = PBXFileReference; lastKnownFileType = sourcecode.swift; path = ViewController.swift; sourceTree = "<group>"; };
		860369C01CF10B770017AA49 /* Assets.xcassets */ = {isa = PBXFileReference; lastKnownFileType = folder.assetcatalog; path = Assets.xcassets; sourceTree = "<group>"; };
		860369C51CF10B770017AA49 /* Info.plist */ = {isa = PBXFileReference; lastKnownFileType = text.plist.xml; path = Info.plist; sourceTree = "<group>"; };
		860369CA1CF10B770017AA49 /* MyRestaurantFinderIOSTests.xctest */ = {isa = PBXFileReference; explicitFileType = wrapper.cfbundle; includeInIndex = 0; path = MyRestaurantFinderIOSTests.xctest; sourceTree = BUILT_PRODUCTS_DIR; };
		860369CE1CF10B770017AA49 /* MyRestaurantFinderIOSTests.swift */ = {isa = PBXFileReference; lastKnownFileType = sourcecode.swift; path = MyRestaurantFinderIOSTests.swift; sourceTree = "<group>"; };
		860369D01CF10B770017AA49 /* Info.plist */ = {isa = PBXFileReference; lastKnownFileType = text.plist.xml; path = Info.plist; sourceTree = "<group>"; };
		860369D51CF10B770017AA49 /* MyRestaurantFinderIOSUITests.xctest */ = {isa = PBXFileReference; explicitFileType = wrapper.cfbundle; includeInIndex = 0; path = MyRestaurantFinderIOSUITests.xctest; sourceTree = BUILT_PRODUCTS_DIR; };
		860369D91CF10B770017AA49 /* MyRestaurantFinderIOSUITests.swift */ = {isa = PBXFileReference; lastKnownFileType = sourcecode.swift; path = MyRestaurantFinderIOSUITests.swift; sourceTree = "<group>"; };
		860369DB1CF10B770017AA49 /* Info.plist */ = {isa = PBXFileReference; lastKnownFileType = text.plist.xml; path = Info.plist; sourceTree = "<group>"; };
		860369E91CF123A10017AA49 /* RestaurantsModel.swift */ = {isa = PBXFileReference; fileEncoding = 4; lastKnownFileType = sourcecode.swift; path = RestaurantsModel.swift; sourceTree = "<group>"; };
		860369EB1CF130170017AA49 /* SearchController.swift */ = {isa = PBXFileReference; fileEncoding = 4; lastKnownFileType = sourcecode.swift; path = SearchController.swift; sourceTree = "<group>"; };
		860369ED1CF133EA0017AA49 /* YelpSearch.swift */ = {isa = PBXFileReference; fileEncoding = 4; lastKnownFileType = sourcecode.swift; path = YelpSearch.swift; sourceTree = "<group>"; };
		860369EF1CF1367B0017AA49 /* CFNetwork.framework */ = {isa = PBXFileReference; lastKnownFileType = wrapper.framework; name = CFNetwork.framework; path = System/Library/Frameworks/CFNetwork.framework; sourceTree = SDKROOT; };
		860369F11CF13BEB0017AA49 /* Podfile */ = {isa = PBXFileReference; fileEncoding = 4; lastKnownFileType = text; path = Podfile; sourceTree = "<group>"; xcLanguageSpecificationIdentifier = xcode.lang.ruby; };
		AA7DF71CA2D9DF17365063B2 /* libPods-MyRestaurantFinderIOS.a */ = {isa = PBXFileReference; explicitFileType = archive.ar; includeInIndex = 0; path = "libPods-MyRestaurantFinderIOS.a"; sourceTree = BUILT_PRODUCTS_DIR; };
		AF5C254D818154C5A41D2A25 /* Pods-MyRestaurantFinderIOS.release.xcconfig */ = {isa = PBXFileReference; includeInIndex = 1; lastKnownFileType = text.xcconfig; name = "Pods-MyRestaurantFinderIOS.release.xcconfig"; path = "Pods/Target Support Files/Pods-MyRestaurantFinderIOS/Pods-MyRestaurantFinderIOS.release.xcconfig"; sourceTree = "<group>"; };
/* End PBXFileReference section */

/* Begin PBXFrameworksBuildPhase section */
		860369B31CF10B770017AA49 /* Frameworks */ = {
			isa = PBXFrameworksBuildPhase;
			buildActionMask = 2147483647;
			files = (
				860369F01CF1367B0017AA49 /* CFNetwork.framework in Frameworks */,
				49675189E4B010D599C3BFC8 /* libPods-MyRestaurantFinderIOS.a in Frameworks */,
			);
			runOnlyForDeploymentPostprocessing = 0;
		};
		860369C71CF10B770017AA49 /* Frameworks */ = {
			isa = PBXFrameworksBuildPhase;
			buildActionMask = 2147483647;
			files = (
			);
			runOnlyForDeploymentPostprocessing = 0;
		};
		860369D21CF10B770017AA49 /* Frameworks */ = {
			isa = PBXFrameworksBuildPhase;
			buildActionMask = 2147483647;
			files = (
			);
			runOnlyForDeploymentPostprocessing = 0;
		};
/* End PBXFrameworksBuildPhase section */

/* Begin PBXGroup section */
		1D2C43E131161131AD0BE36F /* Pods */ = {
			isa = PBXGroup;
			children = (
				1B89BE011EC770C97A40E6E5 /* Pods-MyRestaurantFinderIOS.debug.xcconfig */,
				AF5C254D818154C5A41D2A25 /* Pods-MyRestaurantFinderIOS.release.xcconfig */,
			);
			name = Pods;
			sourceTree = "<group>";
		};
		860369AD1CF10B770017AA49 = {
			isa = PBXGroup;
			children = (
				860369F11CF13BEB0017AA49 /* Podfile */,
				860369EF1CF1367B0017AA49 /* CFNetwork.framework */,
				860369B81CF10B770017AA49 /* MyRestaurantFinderIOS */,
				860369CD1CF10B770017AA49 /* MyRestaurantFinderIOSTests */,
				860369D81CF10B770017AA49 /* MyRestaurantFinderIOSUITests */,
				860369B71CF10B770017AA49 /* Products */,
				1D2C43E131161131AD0BE36F /* Pods */,
				BB4642586E35FD97CF284C13 /* Frameworks */,
			);
			sourceTree = "<group>";
		};
		860369B71CF10B770017AA49 /* Products */ = {
			isa = PBXGroup;
			children = (
				860369B61CF10B770017AA49 /* MyRestaurantFinderIOS.app */,
				860369CA1CF10B770017AA49 /* MyRestaurantFinderIOSTests.xctest */,
				860369D51CF10B770017AA49 /* MyRestaurantFinderIOSUITests.xctest */,
			);
			name = Products;
			sourceTree = "<group>";
		};
		860369B81CF10B770017AA49 /* MyRestaurantFinderIOS */ = {
			isa = PBXGroup;
			children = (
				860369B91CF10B770017AA49 /* AppDelegate.swift */,
				860369BB1CF10B770017AA49 /* ViewController.swift */,
				860369C01CF10B770017AA49 /* Assets.xcassets */,
				860369C51CF10B770017AA49 /* Info.plist */,
				860369E91CF123A10017AA49 /* RestaurantsModel.swift */,
				860369EB1CF130170017AA49 /* SearchController.swift */,
				860369ED1CF133EA0017AA49 /* YelpSearch.swift */,
			);
			path = MyRestaurantFinderIOS;
			sourceTree = "<group>";
		};
		860369CD1CF10B770017AA49 /* MyRestaurantFinderIOSTests */ = {
			isa = PBXGroup;
			children = (
				860369CE1CF10B770017AA49 /* MyRestaurantFinderIOSTests.swift */,
				860369D01CF10B770017AA49 /* Info.plist */,
			);
			path = MyRestaurantFinderIOSTests;
			sourceTree = "<group>";
		};
		860369D81CF10B770017AA49 /* MyRestaurantFinderIOSUITests */ = {
			isa = PBXGroup;
			children = (
				860369D91CF10B770017AA49 /* MyRestaurantFinderIOSUITests.swift */,
				860369DB1CF10B770017AA49 /* Info.plist */,
			);
			path = MyRestaurantFinderIOSUITests;
			sourceTree = "<group>";
		};
		BB4642586E35FD97CF284C13 /* Frameworks */ = {
			isa = PBXGroup;
			children = (
				AA7DF71CA2D9DF17365063B2 /* libPods-MyRestaurantFinderIOS.a */,
			);
			name = Frameworks;
			sourceTree = "<group>";
		};
/* End PBXGroup section */

/* Begin PBXNativeTarget section */
		860369B51CF10B770017AA49 /* MyRestaurantFinderIOS */ = {
			isa = PBXNativeTarget;
			buildConfigurationList = 860369DE1CF10B770017AA49 /* Build configuration list for PBXNativeTarget "MyRestaurantFinderIOS" */;
			buildPhases = (
				D3EF5F7C5BAD36BA7D3B6424 /* 📦 Check Pods Manifest.lock */,
				860369B21CF10B770017AA49 /* Sources */,
				860369B31CF10B770017AA49 /* Frameworks */,
				860369B41CF10B770017AA49 /* Resources */,
				1E388FEF60BF29CEEE22368C /* 📦 Embed Pods Frameworks */,
				9D9F489B649B0664B416A41B /* 📦 Copy Pods Resources */,
			);
			buildRules = (
			);
			dependencies = (
			);
			name = MyRestaurantFinderIOS;
			productName = MyRestaurantFinderIOS;
			productReference = 860369B61CF10B770017AA49 /* MyRestaurantFinderIOS.app */;
			productType = "com.apple.product-type.application";
		};
		860369C91CF10B770017AA49 /* MyRestaurantFinderIOSTests */ = {
			isa = PBXNativeTarget;
			buildConfigurationList = 860369E11CF10B770017AA49 /* Build configuration list for PBXNativeTarget "MyRestaurantFinderIOSTests" */;
			buildPhases = (
				860369C61CF10B770017AA49 /* Sources */,
				860369C71CF10B770017AA49 /* Frameworks */,
				860369C81CF10B770017AA49 /* Resources */,
			);
			buildRules = (
			);
			dependencies = (
				860369CC1CF10B770017AA49 /* PBXTargetDependency */,
			);
			name = MyRestaurantFinderIOSTests;
			productName = MyRestaurantFinderIOSTests;
			productReference = 860369CA1CF10B770017AA49 /* MyRestaurantFinderIOSTests.xctest */;
			productType = "com.apple.product-type.bundle.unit-test";
		};
		860369D41CF10B770017AA49 /* MyRestaurantFinderIOSUITests */ = {
			isa = PBXNativeTarget;
			buildConfigurationList = 860369E41CF10B770017AA49 /* Build configuration list for PBXNativeTarget "MyRestaurantFinderIOSUITests" */;
			buildPhases = (
				860369D11CF10B770017AA49 /* Sources */,
				860369D21CF10B770017AA49 /* Frameworks */,
				860369D31CF10B770017AA49 /* Resources */,
			);
			buildRules = (
			);
			dependencies = (
				860369D71CF10B770017AA49 /* PBXTargetDependency */,
			);
			name = MyRestaurantFinderIOSUITests;
			productName = MyRestaurantFinderIOSUITests;
			productReference = 860369D51CF10B770017AA49 /* MyRestaurantFinderIOSUITests.xctest */;
			productType = "com.apple.product-type.bundle.ui-testing";
		};
/* End PBXNativeTarget section */

/* Begin PBXProject section */
		860369AE1CF10B770017AA49 /* Project object */ = {
			isa = PBXProject;
			attributes = {
				LastSwiftUpdateCheck = 0720;
				LastUpgradeCheck = 0720;
				ORGANIZATIONNAME = "Savani Vishnoi";
				TargetAttributes = {
					860369B51CF10B770017AA49 = {
						CreatedOnToolsVersion = 7.2.1;
					};
					860369C91CF10B770017AA49 = {
						CreatedOnToolsVersion = 7.2.1;
						TestTargetID = 860369B51CF10B770017AA49;
					};
					860369D41CF10B770017AA49 = {
						CreatedOnToolsVersion = 7.2.1;
						TestTargetID = 860369B51CF10B770017AA49;
					};
				};
			};
			buildConfigurationList = 860369B11CF10B770017AA49 /* Build configuration list for PBXProject "MyRestaurantFinderIOS" */;
			compatibilityVersion = "Xcode 3.2";
			developmentRegion = English;
			hasScannedForEncodings = 0;
			knownRegions = (
				en,
				Base,
			);
			mainGroup = 860369AD1CF10B770017AA49;
			productRefGroup = 860369B71CF10B770017AA49 /* Products */;
			projectDirPath = "";
			projectRoot = "";
			targets = (
				860369B51CF10B770017AA49 /* MyRestaurantFinderIOS */,
				860369C91CF10B770017AA49 /* MyRestaurantFinderIOSTests */,
				860369D41CF10B770017AA49 /* MyRestaurantFinderIOSUITests */,
			);
		};
/* End PBXProject section */

/* Begin PBXResourcesBuildPhase section */
		860369B41CF10B770017AA49 /* Resources */ = {
			isa = PBXResourcesBuildPhase;
			buildActionMask = 2147483647;
			files = (
				860369F21CF13BEB0017AA49 /* Podfile in Resources */,
				860369C11CF10B770017AA49 /* Assets.xcassets in Resources */,
			);
			runOnlyForDeploymentPostprocessing = 0;
		};
		860369C81CF10B770017AA49 /* Resources */ = {
			isa = PBXResourcesBuildPhase;
			buildActionMask = 2147483647;
			files = (
			);
			runOnlyForDeploymentPostprocessing = 0;
		};
		860369D31CF10B770017AA49 /* Resources */ = {
			isa = PBXResourcesBuildPhase;
			buildActionMask = 2147483647;
			files = (
			);
			runOnlyForDeploymentPostprocessing = 0;
		};
/* End PBXResourcesBuildPhase section */

/* Begin PBXShellScriptBuildPhase section */
		1E388FEF60BF29CEEE22368C /* 📦 Embed Pods Frameworks */ = {
			isa = PBXShellScriptBuildPhase;
			buildActionMask = 2147483647;
			files = (
			);
			inputPaths = (
			);
			name = "📦 Embed Pods Frameworks";
			outputPaths = (
			);
			runOnlyForDeploymentPostprocessing = 0;
			shellPath = /bin/sh;
			shellScript = "\"${SRCROOT}/Pods/Target Support Files/Pods-MyRestaurantFinderIOS/Pods-MyRestaurantFinderIOS-frameworks.sh\"\n";
			showEnvVarsInLog = 0;
		};
		9D9F489B649B0664B416A41B /* 📦 Copy Pods Resources */ = {
			isa = PBXShellScriptBuildPhase;
			buildActionMask = 2147483647;
			files = (
			);
			inputPaths = (
			);
			name = "📦 Copy Pods Resources";
			outputPaths = (
			);
			runOnlyForDeploymentPostprocessing = 0;
			shellPath = /bin/sh;
			shellScript = "\"${SRCROOT}/Pods/Target Support Files/Pods-MyRestaurantFinderIOS/Pods-MyRestaurantFinderIOS-resources.sh\"\n";
			showEnvVarsInLog = 0;
		};
		D3EF5F7C5BAD36BA7D3B6424 /* 📦 Check Pods Manifest.lock */ = {
			isa = PBXShellScriptBuildPhase;
			buildActionMask = 2147483647;
			files = (
			);
			inputPaths = (
			);
			name = "📦 Check Pods Manifest.lock";
			outputPaths = (
			);
			runOnlyForDeploymentPostprocessing = 0;
			shellPath = /bin/sh;
			shellScript = "diff \"${PODS_ROOT}/../Podfile.lock\" \"${PODS_ROOT}/Manifest.lock\" > /dev/null\nif [[ $? != 0 ]] ; then\n    cat << EOM\nerror: The sandbox is not in sync with the Podfile.lock. Run 'pod install' or update your CocoaPods installation.\nEOM\n    exit 1\nfi\n";
			showEnvVarsInLog = 0;
		};
/* End PBXShellScriptBuildPhase section */

/* Begin PBXSourcesBuildPhase section */
		860369B21CF10B770017AA49 /* Sources */ = {
			isa = PBXSourcesBuildPhase;
			buildActionMask = 2147483647;
			files = (
				860369EA1CF123A10017AA49 /* RestaurantsModel.swift in Sources */,
				860369BC1CF10B770017AA49 /* ViewController.swift in Sources */,
				860369BA1CF10B770017AA49 /* AppDelegate.swift in Sources */,
				860369EE1CF133EA0017AA49 /* YelpSearch.swift in Sources */,
				860369EC1CF130170017AA49 /* SearchController.swift in Sources */,
			);
			runOnlyForDeploymentPostprocessing = 0;
		};
		860369C61CF10B770017AA49 /* Sources */ = {
			isa = PBXSourcesBuildPhase;
			buildActionMask = 2147483647;
			files = (
				860369CF1CF10B770017AA49 /* MyRestaurantFinderIOSTests.swift in Sources */,
			);
			runOnlyForDeploymentPostprocessing = 0;
		};
		860369D11CF10B770017AA49 /* Sources */ = {
			isa = PBXSourcesBuildPhase;
			buildActionMask = 2147483647;
			files = (
				860369DA1CF10B770017AA49 /* MyRestaurantFinderIOSUITests.swift in Sources */,
			);
			runOnlyForDeploymentPostprocessing = 0;
		};
/* End PBXSourcesBuildPhase section */

/* Begin PBXTargetDependency section */
		860369CC1CF10B770017AA49 /* PBXTargetDependency */ = {
			isa = PBXTargetDependency;
			target = 860369B51CF10B770017AA49 /* MyRestaurantFinderIOS */;
			targetProxy = 860369CB1CF10B770017AA49 /* PBXContainerItemProxy */;
		};
		860369D71CF10B770017AA49 /* PBXTargetDependency */ = {
			isa = PBXTargetDependency;
			target = 860369B51CF10B770017AA49 /* MyRestaurantFinderIOS */;
			targetProxy = 860369D61CF10B770017AA49 /* PBXContainerItemProxy */;
		};
/* End PBXTargetDependency section */

/* Begin XCBuildConfiguration section */
		860369DC1CF10B770017AA49 /* Debug */ = {
			isa = XCBuildConfiguration;
			buildSettings = {
				ALWAYS_SEARCH_USER_PATHS = NO;
				CLANG_CXX_LANGUAGE_STANDARD = "gnu++0x";
				CLANG_CXX_LIBRARY = "libc++";
				CLANG_ENABLE_MODULES = YES;
				CLANG_ENABLE_OBJC_ARC = YES;
				CLANG_WARN_BOOL_CONVERSION = YES;
				CLANG_WARN_CONSTANT_CONVERSION = YES;
				CLANG_WARN_DIRECT_OBJC_ISA_USAGE = YES_ERROR;
				CLANG_WARN_EMPTY_BODY = YES;
				CLANG_WARN_ENUM_CONVERSION = YES;
				CLANG_WARN_INT_CONVERSION = YES;
				CLANG_WARN_OBJC_ROOT_CLASS = YES_ERROR;
				CLANG_WARN_UNREACHABLE_CODE = YES;
				CLANG_WARN__DUPLICATE_METHOD_MATCH = YES;
				"CODE_SIGN_IDENTITY[sdk=iphoneos*]" = "iPhone Developer";
				COPY_PHASE_STRIP = NO;
				DEBUG_INFORMATION_FORMAT = dwarf;
				ENABLE_STRICT_OBJC_MSGSEND = YES;
				ENABLE_TESTABILITY = YES;
				GCC_C_LANGUAGE_STANDARD = gnu99;
				GCC_DYNAMIC_NO_PIC = NO;
				GCC_NO_COMMON_BLOCKS = YES;
				GCC_OPTIMIZATION_LEVEL = 0;
				GCC_PREPROCESSOR_DEFINITIONS = (
					"DEBUG=1",
					"$(inherited)",
				);
				GCC_WARN_64_TO_32_BIT_CONVERSION = YES;
				GCC_WARN_ABOUT_RETURN_TYPE = YES_ERROR;
				GCC_WARN_UNDECLARED_SELECTOR = YES;
				GCC_WARN_UNINITIALIZED_AUTOS = YES_AGGRESSIVE;
				GCC_WARN_UNUSED_FUNCTION = YES;
				GCC_WARN_UNUSED_VARIABLE = YES;
				IPHONEOS_DEPLOYMENT_TARGET = 9.2;
				MTL_ENABLE_DEBUG_INFO = YES;
				ONLY_ACTIVE_ARCH = YES;
				SDKROOT = iphoneos;
				SWIFT_OPTIMIZATION_LEVEL = "-Onone";
				TARGETED_DEVICE_FAMILY = "1,2";
			};
			name = Debug;
		};
		860369DD1CF10B770017AA49 /* Release */ = {
			isa = XCBuildConfiguration;
			buildSettings = {
				ALWAYS_SEARCH_USER_PATHS = NO;
				CLANG_CXX_LANGUAGE_STANDARD = "gnu++0x";
				CLANG_CXX_LIBRARY = "libc++";
				CLANG_ENABLE_MODULES = YES;
				CLANG_ENABLE_OBJC_ARC = YES;
				CLANG_WARN_BOOL_CONVERSION = YES;
				CLANG_WARN_CONSTANT_CONVERSION = YES;
				CLANG_WARN_DIRECT_OBJC_ISA_USAGE = YES_ERROR;
				CLANG_WARN_EMPTY_BODY = YES;
				CLANG_WARN_ENUM_CONVERSION = YES;
				CLANG_WARN_INT_CONVERSION = YES;
				CLANG_WARN_OBJC_ROOT_CLASS = YES_ERROR;
				CLANG_WARN_UNREACHABLE_CODE = YES;
				CLANG_WARN__DUPLICATE_METHOD_MATCH = YES;
				"CODE_SIGN_IDENTITY[sdk=iphoneos*]" = "iPhone Developer";
				COPY_PHASE_STRIP = NO;
				DEBUG_INFORMATION_FORMAT = "dwarf-with-dsym";
				ENABLE_NS_ASSERTIONS = NO;
				ENABLE_STRICT_OBJC_MSGSEND = YES;
				GCC_C_LANGUAGE_STANDARD = gnu99;
				GCC_NO_COMMON_BLOCKS = YES;
				GCC_WARN_64_TO_32_BIT_CONVERSION = YES;
				GCC_WARN_ABOUT_RETURN_TYPE = YES_ERROR;
				GCC_WARN_UNDECLARED_SELECTOR = YES;
				GCC_WARN_UNINITIALIZED_AUTOS = YES_AGGRESSIVE;
				GCC_WARN_UNUSED_FUNCTION = YES;
				GCC_WARN_UNUSED_VARIABLE = YES;
				IPHONEOS_DEPLOYMENT_TARGET = 9.2;
				MTL_ENABLE_DEBUG_INFO = NO;
				SDKROOT = iphoneos;
				TARGETED_DEVICE_FAMILY = "1,2";
				VALIDATE_PRODUCT = YES;
			};
			name = Release;
		};
		860369DF1CF10B770017AA49 /* Debug */ = {
			isa = XCBuildConfiguration;
			baseConfigurationReference = 1B89BE011EC770C97A40E6E5 /* Pods-MyRestaurantFinderIOS.debug.xcconfig */;
			buildSettings = {
				ASSETCATALOG_COMPILER_APPICON_NAME = AppIcon;
				INFOPLIST_FILE = MyRestaurantFinderIOS/Info.plist;
				LD_RUNPATH_SEARCH_PATHS = "$(inherited) @executable_path/Frameworks";
				PRODUCT_BUNDLE_IDENTIFIER = local.om.MyRestaurantFinderIOS;
				PRODUCT_NAME = "$(TARGET_NAME)";
			};
			name = Debug;
		};
		860369E01CF10B770017AA49 /* Release */ = {
			isa = XCBuildConfiguration;
			baseConfigurationReference = AF5C254D818154C5A41D2A25 /* Pods-MyRestaurantFinderIOS.release.xcconfig */;
			buildSettings = {
				ASSETCATALOG_COMPILER_APPICON_NAME = AppIcon;
				INFOPLIST_FILE = MyRestaurantFinderIOS/Info.plist;
				LD_RUNPATH_SEARCH_PATHS = "$(inherited) @executable_path/Frameworks";
				PRODUCT_BUNDLE_IDENTIFIER = local.om.MyRestaurantFinderIOS;
				PRODUCT_NAME = "$(TARGET_NAME)";
			};
			name = Release;
		};
		860369E21CF10B770017AA49 /* Debug */ = {
			isa = XCBuildConfiguration;
			buildSettings = {
				BUNDLE_LOADER = "$(TEST_HOST)";
				INFOPLIST_FILE = MyRestaurantFinderIOSTests/Info.plist;
				LD_RUNPATH_SEARCH_PATHS = "$(inherited) @executable_path/Frameworks @loader_path/Frameworks";
				PRODUCT_BUNDLE_IDENTIFIER = local.om.MyRestaurantFinderIOSTests;
				PRODUCT_NAME = "$(TARGET_NAME)";
				TEST_HOST = "$(BUILT_PRODUCTS_DIR)/MyRestaurantFinderIOS.app/MyRestaurantFinderIOS";
			};
			name = Debug;
		};
		860369E31CF10B770017AA49 /* Release */ = {
			isa = XCBuildConfiguration;
			buildSettings = {
				BUNDLE_LOADER = "$(TEST_HOST)";
				INFOPLIST_FILE = MyRestaurantFinderIOSTests/Info.plist;
				LD_RUNPATH_SEARCH_PATHS = "$(inherited) @executable_path/Frameworks @loader_path/Frameworks";
				PRODUCT_BUNDLE_IDENTIFIER = local.om.MyRestaurantFinderIOSTests;
				PRODUCT_NAME = "$(TARGET_NAME)";
				TEST_HOST = "$(BUILT_PRODUCTS_DIR)/MyRestaurantFinderIOS.app/MyRestaurantFinderIOS";
			};
			name = Release;
		};
		860369E51CF10B770017AA49 /* Debug */ = {
			isa = XCBuildConfiguration;
			buildSettings = {
				INFOPLIST_FILE = MyRestaurantFinderIOSUITests/Info.plist;
				LD_RUNPATH_SEARCH_PATHS = "$(inherited) @executable_path/Frameworks @loader_path/Frameworks";
				PRODUCT_BUNDLE_IDENTIFIER = local.om.MyRestaurantFinderIOSUITests;
				PRODUCT_NAME = "$(TARGET_NAME)";
				TEST_TARGET_NAME = MyRestaurantFinderIOS;
				USES_XCTRUNNER = YES;
			};
			name = Debug;
		};
		860369E61CF10B770017AA49 /* Release */ = {
			isa = XCBuildConfiguration;
			buildSettings = {
				INFOPLIST_FILE = MyRestaurantFinderIOSUITests/Info.plist;
				LD_RUNPATH_SEARCH_PATHS = "$(inherited) @executable_path/Frameworks @loader_path/Frameworks";
				PRODUCT_BUNDLE_IDENTIFIER = local.om.MyRestaurantFinderIOSUITests;
				PRODUCT_NAME = "$(TARGET_NAME)";
				TEST_TARGET_NAME = MyRestaurantFinderIOS;
				USES_XCTRUNNER = YES;
			};
			name = Release;
		};
/* End XCBuildConfiguration section */

/* Begin XCConfigurationList section */
		860369B11CF10B770017AA49 /* Build configuration list for PBXProject "MyRestaurantFinderIOS" */ = {
			isa = XCConfigurationList;
			buildConfigurations = (
				860369DC1CF10B770017AA49 /* Debug */,
				860369DD1CF10B770017AA49 /* Release */,
			);
			defaultConfigurationIsVisible = 0;
			defaultConfigurationName = Release;
		};
		860369DE1CF10B770017AA49 /* Build configuration list for PBXNativeTarget "MyRestaurantFinderIOS" */ = {
			isa = XCConfigurationList;
			buildConfigurations = (
				860369DF1CF10B770017AA49 /* Debug */,
				860369E01CF10B770017AA49 /* Release */,
			);
			defaultConfigurationIsVisible = 0;
			defaultConfigurationName = Release;
		};
		860369E11CF10B770017AA49 /* Build configuration list for PBXNativeTarget "MyRestaurantFinderIOSTests" */ = {
			isa = XCConfigurationList;
			buildConfigurations = (
				860369E21CF10B770017AA49 /* Debug */,
				860369E31CF10B770017AA49 /* Release */,
			);
			defaultConfigurationIsVisible = 0;
			defaultConfigurationName = Release;
		};
		860369E41CF10B770017AA49 /* Build configuration list for PBXNativeTarget "MyRestaurantFinderIOSUITests" */ = {
			isa = XCConfigurationList;
			buildConfigurations = (
				860369E51CF10B770017AA49 /* Debug */,
				860369E61CF10B770017AA49 /* Release */,
			);
			defaultConfigurationIsVisible = 0;
			defaultConfigurationName = Release;
		};
/* End XCConfigurationList section */
	};
	rootObject = 860369AE1CF10B770017AA49 /* Project object */;
}
